// !$*UTF8*$!
{
	archiveVersion = 1;
	classes = {
	};
	objectVersion = 77;
	objects = {

/* Begin PBXContainerItemProxy section */
		907AAF8D2D5CFA8400EB302D /* PBXContainerItemProxy */ = {
			isa = PBXContainerItemProxy;
			containerPortal = 907AAF742D5CFA8300EB302D /* Project object */;
			proxyType = 1;
			remoteGlobalIDString = 907AAF7B2D5CFA8300EB302D;
			remoteInfo = Lab1_Shirin_Ali;
		};
		907AAF972D5CFA8400EB302D /* PBXContainerItemProxy */ = {
			isa = PBXContainerItemProxy;
			containerPortal = 907AAF742D5CFA8300EB302D /* Project object */;
			proxyType = 1;
			remoteGlobalIDString = 907AAF7B2D5CFA8300EB302D;
			remoteInfo = Lab1_Shirin_Ali;
		};
/* End PBXContainerItemProxy section */

/* Begin PBXFileReference section */
		907AAF7C2D5CFA8300EB302D /* Lab1_Shirin_Ali.app */ = {isa = PBXFileReference; explicitFileType = wrapper.application; includeInIndex = 0; path = Lab1_Shirin_Ali.app; sourceTree = BUILT_PRODUCTS_DIR; };
		907AAF8C2D5CFA8400EB302D /* Lab1_Shirin_AliTests.xctest */ = {isa = PBXFileReference; explicitFileType = wrapper.cfbundle; includeInIndex = 0; path = Lab1_Shirin_AliTests.xctest; sourceTree = BUILT_PRODUCTS_DIR; };
		907AAF962D5CFA8400EB302D /* Lab1_Shirin_AliUITests.xctest */ = {isa = PBXFileReference; explicitFileType = wrapper.cfbundle; includeInIndex = 0; path = Lab1_Shirin_AliUITests.xctest; sourceTree = BUILT_PRODUCTS_DIR; };
/* End PBXFileReference section */

/* Begin PBXFileSystemSynchronizedRootGroup section */
		907AAF7E2D5CFA8300EB302D /* Lab1_Shirin_Ali */ = {
			isa = PBXFileSystemSynchronizedRootGroup;
			path = Lab1_Shirin_Ali;
			sourceTree = "<group>";
		};
		907AAF8F2D5CFA8400EB302D /* Lab1_Shirin_AliTests */ = {
			isa = PBXFileSystemSynchronizedRootGroup;
			path = Lab1_Shirin_AliTests;
			sourceTree = "<group>";
		};
		907AAF992D5CFA8400EB302D /* Lab1_Shirin_AliUITests */ = {
			isa = PBXFileSystemSynchronizedRootGroup;
			path = Lab1_Shirin_AliUITests;
			sourceTree = "<group>";
		};
/* End PBXFileSystemSynchronizedRootGroup section */

/* Begin PBXFrameworksBuildPhase section */
		907AAF792D5CFA8300EB302D /* Frameworks */ = {
			isa = PBXFrameworksBuildPhase;
			buildActionMask = 2147483647;
			files = (
			);
			runOnlyForDeploymentPostprocessing = 0;
		};
		907AAF892D5CFA8400EB302D /* Frameworks */ = {
			isa = PBXFrameworksBuildPhase;
			buildActionMask = 2147483647;
			files = (
			);
			runOnlyForDeploymentPostprocessing = 0;
		};
		907AAF932D5CFA8400EB302D /* Frameworks */ = {
			isa = PBXFrameworksBuildPhase;
			buildActionMask = 2147483647;
			files = (
			);
			runOnlyForDeploymentPostprocessing = 0;
		};
/* End PBXFrameworksBuildPhase section */

/* Begin PBXGroup section */
		907AAF732D5CFA8300EB302D = {
			isa = PBXGroup;
			children = (
				907AAF7E2D5CFA8300EB302D /* Lab1_Shirin_Ali */,
				907AAF8F2D5CFA8400EB302D /* Lab1_Shirin_AliTests */,
				907AAF992D5CFA8400EB302D /* Lab1_Shirin_AliUITests */,
				907AAF7D2D5CFA8300EB302D /* Products */,
			);
			sourceTree = "<group>";
		};
		907AAF7D2D5CFA8300EB302D /* Products */ = {
			isa = PBXGroup;
			children = (
				907AAF7C2D5CFA8300EB302D /* Lab1_Shirin_Ali.app */,
				907AAF8C2D5CFA8400EB302D /* Lab1_Shirin_AliTests.xctest */,
				907AAF962D5CFA8400EB302D /* Lab1_Shirin_AliUITests.xctest */,
			);
			name = Products;
			sourceTree = "<group>";
		};
/* End PBXGroup section */

/* Begin PBXNativeTarget section */
		907AAF7B2D5CFA8300EB302D /* Lab1_Shirin_Ali */ = {
			isa = PBXNativeTarget;
			buildConfigurationList = 907AAFA02D5CFA8400EB302D /* Build configuration list for PBXNativeTarget "Lab1_Shirin_Ali" */;
			buildPhases = (
				907AAF782D5CFA8300EB302D /* Sources */,
				907AAF792D5CFA8300EB302D /* Frameworks */,
				907AAF7A2D5CFA8300EB302D /* Resources */,
			);
			buildRules = (
			);
			dependencies = (
			);
			fileSystemSynchronizedGroups = (
				907AAF7E2D5CFA8300EB302D /* Lab1_Shirin_Ali */,
			);
			name = Lab1_Shirin_Ali;
			packageProductDependencies = (
			);
			productName = Lab1_Shirin_Ali;
			productReference = 907AAF7C2D5CFA8300EB302D /* Lab1_Shirin_Ali.app */;
			productType = "com.apple.product-type.application";
		};
		907AAF8B2D5CFA8400EB302D /* Lab1_Shirin_AliTests */ = {
			isa = PBXNativeTarget;
			buildConfigurationList = 907AAFA32D5CFA8400EB302D /* Build configuration list for PBXNativeTarget "Lab1_Shirin_AliTests" */;
			buildPhases = (
				907AAF882D5CFA8400EB302D /* Sources */,
				907AAF892D5CFA8400EB302D /* Frameworks */,
				907AAF8A2D5CFA8400EB302D /* Resources */,
			);
			buildRules = (
			);
			dependencies = (
				907AAF8E2D5CFA8400EB302D /* PBXTargetDependency */,
			);
			fileSystemSynchronizedGroups = (
				907AAF8F2D5CFA8400EB302D /* Lab1_Shirin_AliTests */,
			);
			name = Lab1_Shirin_AliTests;
			packageProductDependencies = (
			);
			productName = Lab1_Shirin_AliTests;
			productReference = 907AAF8C2D5CFA8400EB302D /* Lab1_Shirin_AliTests.xctest */;
			productType = "com.apple.product-type.bundle.unit-test";
		};
		907AAF952D5CFA8400EB302D /* Lab1_Shirin_AliUITests */ = {
			isa = PBXNativeTarget;
			buildConfigurationList = 907AAFA62D5CFA8400EB302D /* Build configuration list for PBXNativeTarget "Lab1_Shirin_AliUITests" */;
			buildPhases = (
				907AAF922D5CFA8400EB302D /* Sources */,
				907AAF932D5CFA8400EB302D /* Frameworks */,
				907AAF942D5CFA8400EB302D /* Resources */,
			);
			buildRules = (
			);
			dependencies = (
				907AAF982D5CFA8400EB302D /* PBXTargetDependency */,
			);
			fileSystemSynchronizedGroups = (
				907AAF992D5CFA8400EB302D /* Lab1_Shirin_AliUITests */,
			);
			name = Lab1_Shirin_AliUITests;
			packageProductDependencies = (
			);
			productName = Lab1_Shirin_AliUITests;
			productReference = 907AAF962D5CFA8400EB302D /* Lab1_Shirin_AliUITests.xctest */;
			productType = "com.apple.product-type.bundle.ui-testing";
		};
/* End PBXNativeTarget section */

/* Begin PBXProject section */
		907AAF742D5CFA8300EB302D /* Project object */ = {
			isa = PBXProject;
			attributes = {
				BuildIndependentTargetsInParallel = 1;
				LastSwiftUpdateCheck = 1620;
				LastUpgradeCheck = 1620;
				TargetAttributes = {
					907AAF7B2D5CFA8300EB302D = {
						CreatedOnToolsVersion = 16.2;
					};
					907AAF8B2D5CFA8400EB302D = {
						CreatedOnToolsVersion = 16.2;
						TestTargetID = 907AAF7B2D5CFA8300EB302D;
					};
					907AAF952D5CFA8400EB302D = {
						CreatedOnToolsVersion = 16.2;
						TestTargetID = 907AAF7B2D5CFA8300EB302D;
					};
				};
			};
			buildConfigurationList = 907AAF772D5CFA8300EB302D /* Build configuration list for PBXProject "Lab1_Shirin_Ali" */;
			developmentRegion = en;
			hasScannedForEncodings = 0;
			knownRegions = (
				en,
				Base,
			);
			mainGroup = 907AAF732D5CFA8300EB302D;
			minimizedProjectReferenceProxies = 1;
			preferredProjectObjectVersion = 77;
			productRefGroup = 907AAF7D2D5CFA8300EB302D /* Products */;
			projectDirPath = "";
			projectRoot = "";
			targets = (
				907AAF7B2D5CFA8300EB302D /* Lab1_Shirin_Ali */,
				907AAF8B2D5CFA8400EB302D /* Lab1_Shirin_AliTests */,
				907AAF952D5CFA8400EB302D /* Lab1_Shirin_AliUITests */,
			);
		};
/* End PBXProject section */

/* Begin PBXResourcesBuildPhase section */
		907AAF7A2D5CFA8300EB302D /* Resources */ = {
			isa = PBXResourcesBuildPhase;
			buildActionMask = 2147483647;
			files = (
			);
			runOnlyForDeploymentPostprocessing = 0;
		};
		907AAF8A2D5CFA8400EB302D /* Resources */ = {
			isa = PBXResourcesBuildPhase;
			buildActionMask = 2147483647;
			files = (
			);
			runOnlyForDeploymentPostprocessing = 0;
		};
		907AAF942D5CFA8400EB302D /* Resources */ = {
			isa = PBXResourcesBuildPhase;
			buildActionMask = 2147483647;
			files = (
			);
			runOnlyForDeploymentPostprocessing = 0;
		};
/* End PBXResourcesBuildPhase section */

/* Begin PBXSourcesBuildPhase section */
		907AAF782D5CFA8300EB302D /* Sources */ = {
			isa = PBXSourcesBuildPhase;
			buildActionMask = 2147483647;
			files = (
			);
			runOnlyForDeploymentPostprocessing = 0;
		};
		907AAF882D5CFA8400EB302D /* Sources */ = {
			isa = PBXSourcesBuildPhase;
			buildActionMask = 2147483647;
			files = (
			);
			runOnlyForDeploymentPostprocessing = 0;
		};
		907AAF922D5CFA8400EB302D /* Sources */ = {
			isa = PBXSourcesBuildPhase;
			buildActionMask = 2147483647;
			files = (
			);
			runOnlyForDeploymentPostprocessing = 0;
		};
/* End PBXSourcesBuildPhase section */

/* Begin PBXTargetDependency section */
		907AAF8E2D5CFA8400EB302D /* PBXTargetDependency */ = {
			isa = PBXTargetDependency;
			target = 907AAF7B2D5CFA8300EB302D /* Lab1_Shirin_Ali */;
			targetProxy = 907AAF8D2D5CFA8400EB302D /* PBXContainerItemProxy */;
		};
		907AAF982D5CFA8400EB302D /* PBXTargetDependency */ = {
			isa = PBXTargetDependency;
			target = 907AAF7B2D5CFA8300EB302D /* Lab1_Shirin_Ali */;
			targetProxy = 907AAF972D5CFA8400EB302D /* PBXContainerItemProxy */;
		};
/* End PBXTargetDependency section */

/* Begin XCBuildConfiguration section */
		907AAF9E2D5CFA8400EB302D /* Debug */ = {
			isa = XCBuildConfiguration;
			buildSettings = {
				ALWAYS_SEARCH_USER_PATHS = NO;
				ASSETCATALOG_COMPILER_GENERATE_SWIFT_ASSET_SYMBOL_EXTENSIONS = YES;
				CLANG_ANALYZER_NONNULL = YES;
				CLANG_ANALYZER_NUMBER_OBJECT_CONVERSION = YES_AGGRESSIVE;
				CLANG_CXX_LANGUAGE_STANDARD = "gnu++20";
				CLANG_ENABLE_MODULES = YES;
				CLANG_ENABLE_OBJC_ARC = YES;
				CLANG_ENABLE_OBJC_WEAK = YES;
				CLANG_WARN_BLOCK_CAPTURE_AUTORELEASING = YES;
				CLANG_WARN_BOOL_CONVERSION = YES;
				CLANG_WARN_COMMA = YES;
				CLANG_WARN_CONSTANT_CONVERSION = YES;
				CLANG_WARN_DEPRECATED_OBJC_IMPLEMENTATIONS = YES;
				CLANG_WARN_DIRECT_OBJC_ISA_USAGE = YES_ERROR;
				CLANG_WARN_DOCUMENTATION_COMMENTS = YES;
				CLANG_WARN_EMPTY_BODY = YES;
				CLANG_WARN_ENUM_CONVERSION = YES;
				CLANG_WARN_INFINITE_RECURSION = YES;
				CLANG_WARN_INT_CONVERSION = YES;
				CLANG_WARN_NON_LITERAL_NULL_CONVERSION = YES;
				CLANG_WARN_OBJC_IMPLICIT_RETAIN_SELF = YES;
				CLANG_WARN_OBJC_LITERAL_CONVERSION = YES;
				CLANG_WARN_OBJC_ROOT_CLASS = YES_ERROR;
				CLANG_WARN_QUOTED_INCLUDE_IN_FRAMEWORK_HEADER = YES;
				CLANG_WARN_RANGE_LOOP_ANALYSIS = YES;
				CLANG_WARN_STRICT_PROTOTYPES = YES;
				CLANG_WARN_SUSPICIOUS_MOVE = YES;
				CLANG_WARN_UNGUARDED_AVAILABILITY = YES_AGGRESSIVE;
				CLANG_WARN_UNREACHABLE_CODE = YES;
				CLANG_WARN__DUPLICATE_METHOD_MATCH = YES;
				COPY_PHASE_STRIP = NO;
				DEBUG_INFORMATION_FORMAT = dwarf;
				ENABLE_STRICT_OBJC_MSGSEND = YES;
				ENABLE_TESTABILITY = YES;
				ENABLE_USER_SCRIPT_SANDBOXING = YES;
				GCC_C_LANGUAGE_STANDARD = gnu17;
				GCC_DYNAMIC_NO_PIC = NO;
				GCC_NO_COMMON_BLOCKS = YES;
				GCC_OPTIMIZATION_LEVEL = 0;
				GCC_PREPROCESSOR_DEFINITIONS = (
					"DEBUG=1",
					"$(inherited)",
				);
				GCC_WARN_64_TO_32_BIT_CONVERSION = YES;
				GCC_WARN_ABOUT_RETURN_TYPE = YES_ERROR;
				GCC_WARN_UNDECLARED_SELECTOR = YES;
				GCC_WARN_UNINITIALIZED_AUTOS = YES_AGGRESSIVE;
				GCC_WARN_UNUSED_FUNCTION = YES;
				GCC_WARN_UNUSED_VARIABLE = YES;
				IPHONEOS_DEPLOYMENT_TARGET = 18.2;
				LOCALIZATION_PREFERS_STRING_CATALOGS = YES;
				MTL_ENABLE_DEBUG_INFO = INCLUDE_SOURCE;
				MTL_FAST_MATH = YES;
				ONLY_ACTIVE_ARCH = YES;
				SDKROOT = iphoneos;
				SWIFT_ACTIVE_COMPILATION_CONDITIONS = "DEBUG $(inherited)";
				SWIFT_OPTIMIZATION_LEVEL = "-Onone";
			};
			name = Debug;
		};
		907AAF9F2D5CFA8400EB302D /* Release */ = {
			isa = XCBuildConfiguration;
			buildSettings = {
				ALWAYS_SEARCH_USER_PATHS = NO;
				ASSETCATALOG_COMPILER_GENERATE_SWIFT_ASSET_SYMBOL_EXTENSIONS = YES;
				CLANG_ANALYZER_NONNULL = YES;
				CLANG_ANALYZER_NUMBER_OBJECT_CONVERSION = YES_AGGRESSIVE;
				CLANG_CXX_LANGUAGE_STANDARD = "gnu++20";
				CLANG_ENABLE_MODULES = YES;
				CLANG_ENABLE_OBJC_ARC = YES;
				CLANG_ENABLE_OBJC_WEAK = YES;
				CLANG_WARN_BLOCK_CAPTURE_AUTORELEASING = YES;
				CLANG_WARN_BOOL_CONVERSION = YES;
				CLANG_WARN_COMMA = YES;
				CLANG_WARN_CONSTANT_CONVERSION = YES;
				CLANG_WARN_DEPRECATED_OBJC_IMPLEMENTATIONS = YES;
				CLANG_WARN_DIRECT_OBJC_ISA_USAGE = YES_ERROR;
				CLANG_WARN_DOCUMENTATION_COMMENTS = YES;
				CLANG_WARN_EMPTY_BODY = YES;
				CLANG_WARN_ENUM_CONVERSION = YES;
				CLANG_WARN_INFINITE_RECURSION = YES;
				CLANG_WARN_INT_CONVERSION = YES;
				CLANG_WARN_NON_LITERAL_NULL_CONVERSION = YES;
				CLANG_WARN_OBJC_IMPLICIT_RETAIN_SELF = YES;
				CLANG_WARN_OBJC_LITERAL_CONVERSION = YES;
				CLANG_WARN_OBJC_ROOT_CLASS = YES_ERROR;
				CLANG_WARN_QUOTED_INCLUDE_IN_FRAMEWORK_HEADER = YES;
				CLANG_WARN_RANGE_LOOP_ANALYSIS = YES;
				CLANG_WARN_STRICT_PROTOTYPES = YES;
				CLANG_WARN_SUSPICIOUS_MOVE = YES;
				CLANG_WARN_UNGUARDED_AVAILABILITY = YES_AGGRESSIVE;
				CLANG_WARN_UNREACHABLE_CODE = YES;
				CLANG_WARN__DUPLICATE_METHOD_MATCH = YES;
				COPY_PHASE_STRIP = NO;
				DEBUG_INFORMATION_FORMAT = "dwarf-with-dsym";
				ENABLE_NS_ASSERTIONS = NO;
				ENABLE_STRICT_OBJC_MSGSEND = YES;
				ENABLE_USER_SCRIPT_SANDBOXING = YES;
				GCC_C_LANGUAGE_STANDARD = gnu17;
				GCC_NO_COMMON_BLOCKS = YES;
				GCC_WARN_64_TO_32_BIT_CONVERSION = YES;
				GCC_WARN_ABOUT_RETURN_TYPE = YES_ERROR;
				GCC_WARN_UNDECLARED_SELECTOR = YES;
				GCC_WARN_UNINITIALIZED_AUTOS = YES_AGGRESSIVE;
				GCC_WARN_UNUSED_FUNCTION = YES;
				GCC_WARN_UNUSED_VARIABLE = YES;
				IPHONEOS_DEPLOYMENT_TARGET = 18.2;
				LOCALIZATION_PREFERS_STRING_CATALOGS = YES;
				MTL_ENABLE_DEBUG_INFO = NO;
				MTL_FAST_MATH = YES;
				SDKROOT = iphoneos;
				SWIFT_COMPILATION_MODE = wholemodule;
				VALIDATE_PRODUCT = YES;
			};
			name = Release;
		};
		907AAFA12D5CFA8400EB302D /* Debug */ = {
			isa = XCBuildConfiguration;
			buildSettings = {
				ASSETCATALOG_COMPILER_APPICON_NAME = AppIcon;
				ASSETCATALOG_COMPILER_GLOBAL_ACCENT_COLOR_NAME = AccentColor;
				CODE_SIGN_STYLE = Automatic;
				CURRENT_PROJECT_VERSION = 1;
				DEVELOPMENT_ASSET_PATHS = "\"Lab1_Shirin_Ali/Preview Content\"";
				ENABLE_PREVIEWS = YES;
				GENERATE_INFOPLIST_FILE = YES;
				INFOPLIST_KEY_UIApplicationSceneManifest_Generation = YES;
				INFOPLIST_KEY_UIApplicationSupportsIndirectInputEvents = YES;
				INFOPLIST_KEY_UILaunchScreen_Generation = YES;
				INFOPLIST_KEY_UISupportedInterfaceOrientations_iPad = "UIInterfaceOrientationPortrait UIInterfaceOrientationPortraitUpsideDown UIInterfaceOrientationLandscapeLeft UIInterfaceOrientationLandscapeRight";
				INFOPLIST_KEY_UISupportedInterfaceOrientations_iPhone = "UIInterfaceOrientationPortrait UIInterfaceOrientationLandscapeLeft UIInterfaceOrientationLandscapeRight";
				LD_RUNPATH_SEARCH_PATHS = (
					"$(inherited)",
					"@executable_path/Frameworks",
				);
				MARKETING_VERSION = 1.0;
				PRODUCT_BUNDLE_IDENTIFIER = "gbc.Lab1-Shirin-Ali";
				PRODUCT_NAME = "$(TARGET_NAME)";
				SWIFT_EMIT_LOC_STRINGS = YES;
				SWIFT_VERSION = 5.0;
				TARGETED_DEVICE_FAMILY = "1,2";
			};
			name = Debug;
		};
		907AAFA22D5CFA8400EB302D /* Release */ = {
			isa = XCBuildConfiguration;
			buildSettings = {
				ASSETCATALOG_COMPILER_APPICON_NAME = AppIcon;
				ASSETCATALOG_COMPILER_GLOBAL_ACCENT_COLOR_NAME = AccentColor;
				CODE_SIGN_STYLE = Automatic;
				CURRENT_PROJECT_VERSION = 1;
				DEVELOPMENT_ASSET_PATHS = "\"Lab1_Shirin_Ali/Preview Content\"";
				ENABLE_PREVIEWS = YES;
				GENERATE_INFOPLIST_FILE = YES;
				INFOPLIST_KEY_UIApplicationSceneManifest_Generation = YES;
				INFOPLIST_KEY_UIApplicationSupportsIndirectInputEvents = YES;
				INFOPLIST_KEY_UILaunchScreen_Generation = YES;
				INFOPLIST_KEY_UISupportedInterfaceOrientations_iPad = "UIInterfaceOrientationPortrait UIInterfaceOrientationPortraitUpsideDown UIInterfaceOrientationLandscapeLeft UIInterfaceOrientationLandscapeRight";
				INFOPLIST_KEY_UISupportedInterfaceOrientations_iPhone = "UIInterfaceOrientationPortrait UIInterfaceOrientationLandscapeLeft UIInterfaceOrientationLandscapeRight";
				LD_RUNPATH_SEARCH_PATHS = (
					"$(inherited)",
					"@executable_path/Frameworks",
				);
				MARKETING_VERSION = 1.0;
				PRODUCT_BUNDLE_IDENTIFIER = "gbc.Lab1-Shirin-Ali";
				PRODUCT_NAME = "$(TARGET_NAME)";
				SWIFT_EMIT_LOC_STRINGS = YES;
				SWIFT_VERSION = 5.0;
				TARGETED_DEVICE_FAMILY = "1,2";
			};
			name = Release;
		};
		907AAFA42D5CFA8400EB302D /* Debug */ = {
			isa = XCBuildConfiguration;
			buildSettings = {
				BUNDLE_LOADER = "$(TEST_HOST)";
				CODE_SIGN_STYLE = Automatic;
				CURRENT_PROJECT_VERSION = 1;
				GENERATE_INFOPLIST_FILE = YES;
				IPHONEOS_DEPLOYMENT_TARGET = 18.2;
				MARKETING_VERSION = 1.0;
				PRODUCT_BUNDLE_IDENTIFIER = "gbc.Lab1-Shirin-AliTests";
				PRODUCT_NAME = "$(TARGET_NAME)";
				SWIFT_EMIT_LOC_STRINGS = NO;
				SWIFT_VERSION = 5.0;
				TARGETED_DEVICE_FAMILY = "1,2";
				TEST_HOST = "$(BUILT_PRODUCTS_DIR)/Lab1_Shirin_Ali.app/$(BUNDLE_EXECUTABLE_FOLDER_PATH)/Lab1_Shirin_Ali";
			};
			name = Debug;
		};
		907AAFA52D5CFA8400EB302D /* Release */ = {
			isa = XCBuildConfiguration;
			buildSettings = {
				BUNDLE_LOADER = "$(TEST_HOST)";
				CODE_SIGN_STYLE = Automatic;
				CURRENT_PROJECT_VERSION = 1;
				GENERATE_INFOPLIST_FILE = YES;
				IPHONEOS_DEPLOYMENT_TARGET = 18.2;
				MARKETING_VERSION = 1.0;
				PRODUCT_BUNDLE_IDENTIFIER = "gbc.Lab1-Shirin-AliTests";
				PRODUCT_NAME = "$(TARGET_NAME)";
				SWIFT_EMIT_LOC_STRINGS = NO;
				SWIFT_VERSION = 5.0;
				TARGETED_DEVICE_FAMILY = "1,2";
				TEST_HOST = "$(BUILT_PRODUCTS_DIR)/Lab1_Shirin_Ali.app/$(BUNDLE_EXECUTABLE_FOLDER_PATH)/Lab1_Shirin_Ali";
			};
			name = Release;
		};
		907AAFA72D5CFA8400EB302D /* Debug */ = {
			isa = XCBuildConfiguration;
			buildSettings = {
				CODE_SIGN_STYLE = Automatic;
				CURRENT_PROJECT_VERSION = 1;
				GENERATE_INFOPLIST_FILE = YES;
				MARKETING_VERSION = 1.0;
				PRODUCT_BUNDLE_IDENTIFIER = "gbc.Lab1-Shirin-AliUITests";
				PRODUCT_NAME = "$(TARGET_NAME)";
				SWIFT_EMIT_LOC_STRINGS = NO;
				SWIFT_VERSION = 5.0;
				TARGETED_DEVICE_FAMILY = "1,2";
				TEST_TARGET_NAME = Lab1_Shirin_Ali;
			};
			name = Debug;
		};
		907AAFA82D5CFA8400EB302D /* Release */ = {
			isa = XCBuildConfiguration;
			buildSettings = {
				CODE_SIGN_STYLE = Automatic;
				CURRENT_PROJECT_VERSION = 1;
				GENERATE_INFOPLIST_FILE = YES;
				MARKETING_VERSION = 1.0;
				PRODUCT_BUNDLE_IDENTIFIER = "gbc.Lab1-Shirin-AliUITests";
				PRODUCT_NAME = "$(TARGET_NAME)";
				SWIFT_EMIT_LOC_STRINGS = NO;
				SWIFT_VERSION = 5.0;
				TARGETED_DEVICE_FAMILY = "1,2";
				TEST_TARGET_NAME = Lab1_Shirin_Ali;
			};
			name = Release;
		};
/* End XCBuildConfiguration section */

/* Begin XCConfigurationList section */
		907AAF772D5CFA8300EB302D /* Build configuration list for PBXProject "Lab1_Shirin_Ali" */ = {
			isa = XCConfigurationList;
			buildConfigurations = (
				907AAF9E2D5CFA8400EB302D /* Debug */,
				907AAF9F2D5CFA8400EB302D /* Release */,
			);
			defaultConfigurationIsVisible = 0;
			defaultConfigurationName = Release;
		};
		907AAFA02D5CFA8400EB302D /* Build configuration list for PBXNativeTarget "Lab1_Shirin_Ali" */ = {
			isa = XCConfigurationList;
			buildConfigurations = (
				907AAFA12D5CFA8400EB302D /* Debug */,
				907AAFA22D5CFA8400EB302D /* Release */,
			);
			defaultConfigurationIsVisible = 0;
			defaultConfigurationName = Release;
		};
		907AAFA32D5CFA8400EB302D /* Build configuration list for PBXNativeTarget "Lab1_Shirin_AliTests" */ = {
			isa = XCConfigurationList;
			buildConfigurations = (
				907AAFA42D5CFA8400EB302D /* Debug */,
				907AAFA52D5CFA8400EB302D /* Release */,
			);
			defaultConfigurationIsVisible = 0;
			defaultConfigurationName = Release;
		};
		907AAFA62D5CFA8400EB302D /* Build configuration list for PBXNativeTarget "Lab1_Shirin_AliUITests" */ = {
			isa = XCConfigurationList;
			buildConfigurations = (
				907AAFA72D5CFA8400EB302D /* Debug */,
				907AAFA82D5CFA8400EB302D /* Release */,
			);
			defaultConfigurationIsVisible = 0;
			defaultConfigurationName = Release;
		};
/* End XCConfigurationList section */
	};
	rootObject = 907AAF742D5CFA8300EB302D /* Project object */;
}
